
Microsoft Visual Studio Solution File, Format Version 12.00
# Visual Studio 15
VisualStudioVersion = 15.0.26124.0
MinimumVisualStudioVersion = 15.0.26124.0
Project("{FAE04EC0-301F-11D3-BF4B-00C04F79EFBC}") = "Redux", "src\Redux.csproj", "{CC78BCCA-3151-4E94-AEA8-57D219DEBECF}"
EndProject
Project("{FAE04EC0-301F-11D3-BF4B-00C04F79EFBC}") = "Tests", "tests\Tests.csproj", "{8CB6C626-A638-471C-B2FE-0453A4E44FDF}"
EndProject
Global
	GlobalSection(SolutionConfigurationPlatforms) = preSolution
		Debug|Any CPU = Debug|Any CPU
		Debug|x64 = Debug|x64
		Debug|x86 = Debug|x86
		Release|Any CPU = Release|Any CPU
		Release|x64 = Release|x64
		Release|x86 = Release|x86
	EndGlobalSection
	GlobalSection(SolutionProperties) = preSolution
		HideSolutionNode = FALSE
	EndGlobalSection
	GlobalSection(ProjectConfigurationPlatforms) = postSolution
		{CC78BCCA-3151-4E94-AEA8-57D219DEBECF}.Debug|Any CPU.ActiveCfg = Debug|Any CPU
		{CC78BCCA-3151-4E94-AEA8-57D219DEBECF}.Debug|Any CPU.Build.0 = Debug|Any CPU
		{CC78BCCA-3151-4E94-AEA8-57D219DEBECF}.Debug|x64.ActiveCfg = Debug|Any CPU
		{CC78BCCA-3151-4E94-AEA8-57D219DEBECF}.Debug|x64.Build.0 = Debug|Any CPU
		{CC78BCCA-3151-4E94-AEA8-57D219DEBECF}.Debug|x86.ActiveCfg = Debug|Any CPU
		{CC78BCCA-3151-4E94-AEA8-57D219DEBECF}.Debug|x86.Build.0 = Debug|Any CPU
		{CC78BCCA-3151-4E94-AEA8-57D219DEBECF}.Release|Any CPU.ActiveCfg = Release|Any CPU
		{CC78BCCA-3151-4E94-AEA8-57D219DEBECF}.Release|Any CPU.Build.0 = Release|Any CPU
		{CC78BCCA-3151-4E94-AEA8-57D219DEBECF}.Release|x64.ActiveCfg = Release|Any CPU
		{CC78BCCA-3151-4E94-AEA8-57D219DEBECF}.Release|x64.Build.0 = Release|Any CPU
		{CC78BCCA-3151-4E94-AEA8-57D219DEBECF}.Release|x86.ActiveCfg = Release|Any CPU
		{CC78BCCA-3151-4E94-AEA8-57D219DEBECF}.Release|x86.Build.0 = Release|Any CPU
		{8CB6C626-A638-471C-B2FE-0453A4E44FDF}.Debug|Any CPU.ActiveCfg = Debug|Any CPU
		{8CB6C626-A638-471C-B2FE-0453A4E44FDF}.Debug|Any CPU.Build.0 = Debug|Any CPU
		{8CB6C626-A638-471C-B2FE-0453A4E44FDF}.Debug|x64.ActiveCfg = Debug|Any CPU
		{8CB6C626-A638-471C-B2FE-0453A4E44FDF}.Debug|x64.Build.0 = Debug|Any CPU
		{8CB6C626-A638-471C-B2FE-0453A4E44FDF}.Debug|x86.ActiveCfg = Debug|Any CPU
		{8CB6C626-A638-471C-B2FE-0453A4E44FDF}.Debug|x86.Build.0 = Debug|Any CPU
		{8CB6C626-A638-471C-B2FE-0453A4E44FDF}.Release|Any CPU.ActiveCfg = Release|Any CPU
		{8CB6C626-A638-471C-B2FE-0453A4E44FDF}.Release|Any CPU.Build.0 = Release|Any CPU
		{8CB6C626-A638-471C-B2FE-0453A4E44FDF}.Release|x64.ActiveCfg = Release|Any CPU
		{8CB6C626-A638-471C-B2FE-0453A4E44FDF}.Release|x64.Build.0 = Release|Any CPU
		{8CB6C626-A638-471C-B2FE-0453A4E44FDF}.Release|x86.ActiveCfg = Release|Any CPU
		{8CB6C626-A638-471C-B2FE-0453A4E44FDF}.Release|x86.Build.0 = Release|Any CPU
	EndGlobalSection
EndGlobal
